{
  "name": "most",
  "version": "2.0.0",
  "lockfileVersion": 1,
  "requires": true,
  "dependencies": {
    "@most/core": {
      "version": "1.3.2",
      "resolved": "https://registry.npmjs.org/@most/core/-/core-1.3.2.tgz",
      "integrity": "sha512-oI2sjIJgyluzf7xWuGMl8qPo/gAAMtArEOLcIiML0QWetOySpgX8OMikrLjsy+K6x+gZm5rOpsITbLTbJo5Z9Q==",
      "requires": {
        "@most/disposable": "^1.2.1",
        "@most/prelude": "^1.7.2",
        "@most/scheduler": "^1.2.1",
        "@most/types": "^1.0.1"
      }
    },
    "@most/disposable": {
      "version": "1.2.1",
      "resolved": "https://registry.npmjs.org/@most/disposable/-/disposable-1.2.1.tgz",
      "integrity": "sha512-VQ5gGZd5VFqYyP3sfYmVbrb4MX7j7tqIQKpoATOz5loDXE/9Y/BU5SzD2pGhVtui62kUdK13UFSom4njtmQ1Lw==",
      "requires": {
        "@most/prelude": "^1.7.2",
        "@most/types": "^1.0.1"
      }
    },
    "@most/prelude": {
      "version": "1.7.2",
      "resolved": "https://registry.npmjs.org/@most/prelude/-/prelude-1.7.2.tgz",
      "integrity": "sha512-GM5ec7+xpkuXiCMyzhyENgH/xZ8t0nAMDBY0QOsVVD6TrZYjJKUnW1eaI18HHX8W+COWMwWR9c0zoPiBp9+tUg=="
    },
    "@most/scheduler": {
      "version": "1.2.1",
      "resolved": "https://registry.npmjs.org/@most/scheduler/-/scheduler-1.2.1.tgz",
      "integrity": "sha512-874qAdaLB6rme7tTKsd9v4E0eeUfD97u342Cjb3Zr8KO9WGEfMgm13/od+vvG0Lvp2zd6C+iVAP/QAf5ctAcIg==",
      "requires": {
        "@most/prelude": "^1.7.2",
        "@most/types": "^1.0.1"
      }
    },
    "@most/types": {
      "version": "1.0.1",
      "resolved": "https://registry.npmjs.org/@most/types/-/types-1.0.1.tgz",
      "integrity": "sha512-fCLkp1Yzp+Kamr00i1yG3GPhekOE150TSeoqUAy1cslmJ/a0+x7Y6GCwO26ke614sUbV9BdL0gTGCZJA4V1JUw=="
    }
  }
}
